
Microsoft Visual Studio Solution File, Format Version 12.00
# Visual Studio Version 17
VisualStudioVersion = 17.8.34408.163
MinimumVisualStudioVersion = 10.0.40219.1
Project("{FAE04EC0-301F-11D3-BF4B-00C04F79EFBC}") = "SalesCRMApp", "SalesCRMApp\SalesCRMApp.csproj", "{DFA6E7FD-70A4-4863-859A-7139292E06E8}"
EndProject
Global
	GlobalSection(SolutionConfigurationPlatforms) = preSolution
		Debug|Any CPU = Debug|Any CPU
		Release|Any CPU = Release|Any CPU
	EndGlobalSection
	GlobalSection(ProjectConfigurationPlatforms) = postSolution
		{DFA6E7FD-70A4-4863-859A-7139292E06E8}.Debug|Any CPU.ActiveCfg = Debug|Any CPU
		{DFA6E7FD-70A4-4863-859A-7139292E06E8}.Debug|Any CPU.Build.0 = Debug|Any CPU
		{DFA6E7FD-70A4-4863-859A-7139292E06E8}.Release|Any CPU.ActiveCfg = Release|Any CPU
		{DFA6E7FD-70A4-4863-859A-7139292E06E8}.Release|Any CPU.Build.0 = Release|Any CPU
	EndGlobalSection
	GlobalSection(SolutionProperties) = preSolution
		HideSolutionNode = FALSE
	EndGlobalSection
	GlobalSection(ExtensibilityGlobals) = postSolution
		SolutionGuid = {893F87E8-EB8F-4327-9E5A-B18799259ED0}
	EndGlobalSection
EndGlobal
